github.com/Eclion/goget-test/sdk/v2 v2.0.0-20250429155151-cb4aaa26e792 h1:zZGeEEStkKoQdfhM/L94Zedwv6HuCN5FqABpaTyKiKI=
github.com/Eclion/goget-test/sdk/v2 v2.0.0-20250429155151-cb4aaa26e792/go.mod h1:jYafjQRbVISoRh2GHipZP2lQnZDhmBozZ8QLKq5nwDo=
github.com/Eclion/goget-test/sdk/v2 v2.0.3 h1:f3RG4GDhzXcRjYFBfHmn5qsM0Q4s/Jp9h4v00Gl7ksU=
github.com/Eclion/goget-test/sdk/v2 v2.0.3/go.mod h1:jYafjQRbVISoRh2GHipZP2lQnZDhmBozZ8QLKq5nwDo=
